
Microsoft Visual Studio Solution File, Format Version 12.00
# Visual Studio Version 16
VisualStudioVersion = 16.0.31025.194
MinimumVisualStudioVersion = 10.0.40219.1
Project("{888888A0-9F3D-457C-B088-3A5042F75D52}") = "testtt", "testtt\testtt.pyproj", "{FF86DA3D-2A4C-4E03-96CC-72A6B5D232F5}"
EndProject
Global
	GlobalSection(SolutionConfigurationPlatforms) = preSolution
		Debug|Any CPU = Debug|Any CPU
		Release|Any CPU = Release|Any CPU
	EndGlobalSection
	GlobalSection(ProjectConfigurationPlatforms) = postSolution
		{FF86DA3D-2A4C-4E03-96CC-72A6B5D232F5}.Debug|Any CPU.ActiveCfg = Debug|Any CPU
		{FF86DA3D-2A4C-4E03-96CC-72A6B5D232F5}.Release|Any CPU.ActiveCfg = Release|Any CPU
	EndGlobalSection
	GlobalSection(SolutionProperties) = preSolution
		HideSolutionNode = FALSE
	EndGlobalSection
	GlobalSection(ExtensibilityGlobals) = postSolution
		SolutionGuid = {2BD77D5D-E26B-408A-A026-9B62C6A3FECE}
	EndGlobalSection
EndGlobal
